// !$*UTF8*$!
{
	archiveVersion = 1;
	classes = {
	};
	objectVersion = 50;
	objects = {

/* Begin PBXBuildFile section */
		EF0A87E8251E387100BCC038 /* AppDelegate.swift in Sources */ = {isa = PBXBuildFile; fileRef = EF0A87E7251E387100BCC038 /* AppDelegate.swift */; };
		EF0A87EA251E387100BCC038 /* SceneDelegate.swift in Sources */ = {isa = PBXBuildFile; fileRef = EF0A87E9251E387100BCC038 /* SceneDelegate.swift */; };
		EF0A87EC251E387100BCC038 /* ViewController.swift in Sources */ = {isa = PBXBuildFile; fileRef = EF0A87EB251E387100BCC038 /* ViewController.swift */; };
		EF0A87EF251E387100BCC038 /* Main.storyboard in Resources */ = {isa = PBXBuildFile; fileRef = EF0A87ED251E387100BCC038 /* Main.storyboard */; };
		EF0A87F2251E387100BCC038 /* Maps.xcdatamodeld in Sources */ = {isa = PBXBuildFile; fileRef = EF0A87F0251E387100BCC038 /* Maps.xcdatamodeld */; };
		EF0A87F4251E387200BCC038 /* Assets.xcassets in Resources */ = {isa = PBXBuildFile; fileRef = EF0A87F3251E387200BCC038 /* Assets.xcassets */; };
		EF0A87F7251E387200BCC038 /* LaunchScreen.storyboard in Resources */ = {isa = PBXBuildFile; fileRef = EF0A87F5251E387200BCC038 /* LaunchScreen.storyboard */; };
		EF0A8802251E387200BCC038 /* MapsTests.swift in Sources */ = {isa = PBXBuildFile; fileRef = EF0A8801251E387200BCC038 /* MapsTests.swift */; };
		EF0A880D251E387200BCC038 /* MapsUITests.swift in Sources */ = {isa = PBXBuildFile; fileRef = EF0A880C251E387200BCC038 /* MapsUITests.swift */; };
/* End PBXBuildFile section */

/* Begin PBXContainerItemProxy section */
		EF0A87FE251E387200BCC038 /* PBXContainerItemProxy */ = {
			isa = PBXContainerItemProxy;
			containerPortal = EF0A87DC251E387100BCC038 /* Project object */;
			proxyType = 1;
			remoteGlobalIDString = EF0A87E3251E387100BCC038;
			remoteInfo = Maps;
		};
		EF0A8809251E387200BCC038 /* PBXContainerItemProxy */ = {
			isa = PBXContainerItemProxy;
			containerPortal = EF0A87DC251E387100BCC038 /* Project object */;
			proxyType = 1;
			remoteGlobalIDString = EF0A87E3251E387100BCC038;
			remoteInfo = Maps;
		};
/* End PBXContainerItemProxy section */

/* Begin PBXFileReference section */
		EF0A87E4251E387100BCC038 /* Maps.app */ = {isa = PBXFileReference; explicitFileType = wrapper.application; includeInIndex = 0; path = Maps.app; sourceTree = BUILT_PRODUCTS_DIR; };
		EF0A87E7251E387100BCC038 /* AppDelegate.swift */ = {isa = PBXFileReference; lastKnownFileType = sourcecode.swift; path = AppDelegate.swift; sourceTree = "<group>"; };
		EF0A87E9251E387100BCC038 /* SceneDelegate.swift */ = {isa = PBXFileReference; lastKnownFileType = sourcecode.swift; path = SceneDelegate.swift; sourceTree = "<group>"; };
		EF0A87EB251E387100BCC038 /* ViewController.swift */ = {isa = PBXFileReference; lastKnownFileType = sourcecode.swift; path = ViewController.swift; sourceTree = "<group>"; };
		EF0A87EE251E387100BCC038 /* Base */ = {isa = PBXFileReference; lastKnownFileType = file.storyboard; name = Base; path = Base.lproj/Main.storyboard; sourceTree = "<group>"; };
		EF0A87F1251E387100BCC038 /* Maps.xcdatamodel */ = {isa = PBXFileReference; lastKnownFileType = wrapper.xcdatamodel; path = Maps.xcdatamodel; sourceTree = "<group>"; };
		EF0A87F3251E387200BCC038 /* Assets.xcassets */ = {isa = PBXFileReference; lastKnownFileType = folder.assetcatalog; path = Assets.xcassets; sourceTree = "<group>"; };
		EF0A87F6251E387200BCC038 /* Base */ = {isa = PBXFileReference; lastKnownFileType = file.storyboard; name = Base; path = Base.lproj/LaunchScreen.storyboard; sourceTree = "<group>"; };
		EF0A87F8251E387200BCC038 /* Info.plist */ = {isa = PBXFileReference; lastKnownFileType = text.plist.xml; path = Info.plist; sourceTree = "<group>"; };
		EF0A87FD251E387200BCC038 /* MapsTests.xctest */ = {isa = PBXFileReference; explicitFileType = wrapper.cfbundle; includeInIndex = 0; path = MapsTests.xctest; sourceTree = BUILT_PRODUCTS_DIR; };
		EF0A8801251E387200BCC038 /* MapsTests.swift */ = {isa = PBXFileReference; lastKnownFileType = sourcecode.swift; path = MapsTests.swift; sourceTree = "<group>"; };
		EF0A8803251E387200BCC038 /* Info.plist */ = {isa = PBXFileReference; lastKnownFileType = text.plist.xml; path = Info.plist; sourceTree = "<group>"; };
		EF0A8808251E387200BCC038 /* MapsUITests.xctest */ = {isa = PBXFileReference; explicitFileType = wrapper.cfbundle; includeInIndex = 0; path = MapsUITests.xctest; sourceTree = BUILT_PRODUCTS_DIR; };
		EF0A880C251E387200BCC038 /* MapsUITests.swift */ = {isa = PBXFileReference; lastKnownFileType = sourcecode.swift; path = MapsUITests.swift; sourceTree = "<group>"; };
		EF0A880E251E387200BCC038 /* Info.plist */ = {isa = PBXFileReference; lastKnownFileType = text.plist.xml; path = Info.plist; sourceTree = "<group>"; };
/* End PBXFileReference section */

/* Begin PBXFrameworksBuildPhase section */
		EF0A87E1251E387100BCC038 /* Frameworks */ = {
			isa = PBXFrameworksBuildPhase;
			buildActionMask = 2147483647;
			files = (
			);
			runOnlyForDeploymentPostprocessing = 0;
		};
		EF0A87FA251E387200BCC038 /* Frameworks */ = {
			isa = PBXFrameworksBuildPhase;
			buildActionMask = 2147483647;
			files = (
			);
			runOnlyForDeploymentPostprocessing = 0;
		};
		EF0A8805251E387200BCC038 /* Frameworks */ = {
			isa = PBXFrameworksBuildPhase;
			buildActionMask = 2147483647;
			files = (
			);
			runOnlyForDeploymentPostprocessing = 0;
		};
/* End PBXFrameworksBuildPhase section */

/* Begin PBXGroup section */
		EF0A87DB251E387100BCC038 = {
			isa = PBXGroup;
			children = (
				EF0A87E6251E387100BCC038 /* Maps */,
				EF0A8800251E387200BCC038 /* MapsTests */,
				EF0A880B251E387200BCC038 /* MapsUITests */,
				EF0A87E5251E387100BCC038 /* Products */,
			);
			sourceTree = "<group>";
		};
		EF0A87E5251E387100BCC038 /* Products */ = {
			isa = PBXGroup;
			children = (
				EF0A87E4251E387100BCC038 /* Maps.app */,
				EF0A87FD251E387200BCC038 /* MapsTests.xctest */,
				EF0A8808251E387200BCC038 /* MapsUITests.xctest */,
			);
			name = Products;
			sourceTree = "<group>";
		};
		EF0A87E6251E387100BCC038 /* Maps */ = {
			isa = PBXGroup;
			children = (
				EF0A87E7251E387100BCC038 /* AppDelegate.swift */,
				EF0A87E9251E387100BCC038 /* SceneDelegate.swift */,
				EF0A87EB251E387100BCC038 /* ViewController.swift */,
				EF0A87ED251E387100BCC038 /* Main.storyboard */,
				EF0A87F3251E387200BCC038 /* Assets.xcassets */,
				EF0A87F5251E387200BCC038 /* LaunchScreen.storyboard */,
				EF0A87F8251E387200BCC038 /* Info.plist */,
				EF0A87F0251E387100BCC038 /* Maps.xcdatamodeld */,
			);
			path = Maps;
			sourceTree = "<group>";
		};
		EF0A8800251E387200BCC038 /* MapsTests */ = {
			isa = PBXGroup;
			children = (
				EF0A8801251E387200BCC038 /* MapsTests.swift */,
				EF0A8803251E387200BCC038 /* Info.plist */,
			);
			path = MapsTests;
			sourceTree = "<group>";
		};
		EF0A880B251E387200BCC038 /* MapsUITests */ = {
			isa = PBXGroup;
			children = (
				EF0A880C251E387200BCC038 /* MapsUITests.swift */,
				EF0A880E251E387200BCC038 /* Info.plist */,
			);
			path = MapsUITests;
			sourceTree = "<group>";
		};
/* End PBXGroup section */

/* Begin PBXNativeTarget section */
		EF0A87E3251E387100BCC038 /* Maps */ = {
			isa = PBXNativeTarget;
			buildConfigurationList = EF0A8811251E387200BCC038 /* Build configuration list for PBXNativeTarget "Maps" */;
			buildPhases = (
				EF0A87E0251E387100BCC038 /* Sources */,
				EF0A87E1251E387100BCC038 /* Frameworks */,
				EF0A87E2251E387100BCC038 /* Resources */,
			);
			buildRules = (
			);
			dependencies = (
			);
			name = Maps;
			productName = Maps;
			productReference = EF0A87E4251E387100BCC038 /* Maps.app */;
			productType = "com.apple.product-type.application";
		};
		EF0A87FC251E387200BCC038 /* MapsTests */ = {
			isa = PBXNativeTarget;
			buildConfigurationList = EF0A8814251E387200BCC038 /* Build configuration list for PBXNativeTarget "MapsTests" */;
			buildPhases = (
				EF0A87F9251E387200BCC038 /* Sources */,
				EF0A87FA251E387200BCC038 /* Frameworks */,
				EF0A87FB251E387200BCC038 /* Resources */,
			);
			buildRules = (
			);
			dependencies = (
				EF0A87FF251E387200BCC038 /* PBXTargetDependency */,
			);
			name = MapsTests;
			productName = MapsTests;
			productReference = EF0A87FD251E387200BCC038 /* MapsTests.xctest */;
			productType = "com.apple.product-type.bundle.unit-test";
		};
		EF0A8807251E387200BCC038 /* MapsUITests */ = {
			isa = PBXNativeTarget;
			buildConfigurationList = EF0A8817251E387200BCC038 /* Build configuration list for PBXNativeTarget "MapsUITests" */;
			buildPhases = (
				EF0A8804251E387200BCC038 /* Sources */,
				EF0A8805251E387200BCC038 /* Frameworks */,
				EF0A8806251E387200BCC038 /* Resources */,
			);
			buildRules = (
			);
			dependencies = (
				EF0A880A251E387200BCC038 /* PBXTargetDependency */,
			);
			name = MapsUITests;
			productName = MapsUITests;
			productReference = EF0A8808251E387200BCC038 /* MapsUITests.xctest */;
			productType = "com.apple.product-type.bundle.ui-testing";
		};
/* End PBXNativeTarget section */

/* Begin PBXProject section */
		EF0A87DC251E387100BCC038 /* Project object */ = {
			isa = PBXProject;
			attributes = {
				LastSwiftUpdateCheck = 1170;
				LastUpgradeCheck = 1170;
				ORGANIZATIONNAME = "Ram Reddy";
				TargetAttributes = {
					EF0A87E3251E387100BCC038 = {
						CreatedOnToolsVersion = 11.7;
					};
					EF0A87FC251E387200BCC038 = {
						CreatedOnToolsVersion = 11.7;
						TestTargetID = EF0A87E3251E387100BCC038;
					};
					EF0A8807251E387200BCC038 = {
						CreatedOnToolsVersion = 11.7;
						TestTargetID = EF0A87E3251E387100BCC038;
					};
				};
			};
			buildConfigurationList = EF0A87DF251E387100BCC038 /* Build configuration list for PBXProject "Maps" */;
			compatibilityVersion = "Xcode 9.3";
			developmentRegion = en;
			hasScannedForEncodings = 0;
			knownRegions = (
				en,
				Base,
			);
			mainGroup = EF0A87DB251E387100BCC038;
			productRefGroup = EF0A87E5251E387100BCC038 /* Products */;
			projectDirPath = "";
			projectRoot = "";
			targets = (
				EF0A87E3251E387100BCC038 /* Maps */,
				EF0A87FC251E387200BCC038 /* MapsTests */,
				EF0A8807251E387200BCC038 /* MapsUITests */,
			);
		};
/* End PBXProject section */

/* Begin PBXResourcesBuildPhase section */
		EF0A87E2251E387100BCC038 /* Resources */ = {
			isa = PBXResourcesBuildPhase;
			buildActionMask = 2147483647;
			files = (
				EF0A87F7251E387200BCC038 /* LaunchScreen.storyboard in Resources */,
				EF0A87F4251E387200BCC038 /* Assets.xcassets in Resources */,
				EF0A87EF251E387100BCC038 /* Main.storyboard in Resources */,
			);
			runOnlyForDeploymentPostprocessing = 0;
		};
		EF0A87FB251E387200BCC038 /* Resources */ = {
			isa = PBXResourcesBuildPhase;
			buildActionMask = 2147483647;
			files = (
			);
			runOnlyForDeploymentPostprocessing = 0;
		};
		EF0A8806251E387200BCC038 /* Resources */ = {
			isa = PBXResourcesBuildPhase;
			buildActionMask = 2147483647;
			files = (
			);
			runOnlyForDeploymentPostprocessing = 0;
		};
/* End PBXResourcesBuildPhase section */

/* Begin PBXSourcesBuildPhase section */
		EF0A87E0251E387100BCC038 /* Sources */ = {
			isa = PBXSourcesBuildPhase;
			buildActionMask = 2147483647;
			files = (
				EF0A87EC251E387100BCC038 /* ViewController.swift in Sources */,
				EF0A87E8251E387100BCC038 /* AppDelegate.swift in Sources */,
				EF0A87F2251E387100BCC038 /* Maps.xcdatamodeld in Sources */,
				EF0A87EA251E387100BCC038 /* SceneDelegate.swift in Sources */,
			);
			runOnlyForDeploymentPostprocessing = 0;
		};
		EF0A87F9251E387200BCC038 /* Sources */ = {
			isa = PBXSourcesBuildPhase;
			buildActionMask = 2147483647;
			files = (
				EF0A8802251E387200BCC038 /* MapsTests.swift in Sources */,
			);
			runOnlyForDeploymentPostprocessing = 0;
		};
		EF0A8804251E387200BCC038 /* Sources */ = {
			isa = PBXSourcesBuildPhase;
			buildActionMask = 2147483647;
			files = (
				EF0A880D251E387200BCC038 /* MapsUITests.swift in Sources */,
			);
			runOnlyForDeploymentPostprocessing = 0;
		};
/* End PBXSourcesBuildPhase section */

/* Begin PBXTargetDependency section */
		EF0A87FF251E387200BCC038 /* PBXTargetDependency */ = {
			isa = PBXTargetDependency;
			target = EF0A87E3251E387100BCC038 /* Maps */;
			targetProxy = EF0A87FE251E387200BCC038 /* PBXContainerItemProxy */;
		};
		EF0A880A251E387200BCC038 /* PBXTargetDependency */ = {
			isa = PBXTargetDependency;
			target = EF0A87E3251E387100BCC038 /* Maps */;
			targetProxy = EF0A8809251E387200BCC038 /* PBXContainerItemProxy */;
		};
/* End PBXTargetDependency section */

/* Begin PBXVariantGroup section */
		EF0A87ED251E387100BCC038 /* Main.storyboard */ = {
			isa = PBXVariantGroup;
			children = (
				EF0A87EE251E387100BCC038 /* Base */,
			);
			name = Main.storyboard;
			sourceTree = "<group>";
		};
		EF0A87F5251E387200BCC038 /* LaunchScreen.storyboard */ = {
			isa = PBXVariantGroup;
			children = (
				EF0A87F6251E387200BCC038 /* Base */,
			);
			name = LaunchScreen.storyboard;
			sourceTree = "<group>";
		};
/* End PBXVariantGroup section */

/* Begin XCBuildConfiguration section */
		EF0A880F251E387200BCC038 /* Debug */ = {
			isa = XCBuildConfiguration;
			buildSettings = {
				ALWAYS_SEARCH_USER_PATHS = NO;
				CLANG_ANALYZER_NONNULL = YES;
				CLANG_ANALYZER_NUMBER_OBJECT_CONVERSION = YES_AGGRESSIVE;
				CLANG_CXX_LANGUAGE_STANDARD = "gnu++14";
				CLANG_CXX_LIBRARY = "libc++";
				CLANG_ENABLE_MODULES = YES;
				CLANG_ENABLE_OBJC_ARC = YES;
				CLANG_ENABLE_OBJC_WEAK = YES;
				CLANG_WARN_BLOCK_CAPTURE_AUTORELEASING = YES;
				CLANG_WARN_BOOL_CONVERSION = YES;
				CLANG_WARN_COMMA = YES;
				CLANG_WARN_CONSTANT_CONVERSION = YES;
				CLANG_WARN_DEPRECATED_OBJC_IMPLEMENTATIONS = YES;
				CLANG_WARN_DIRECT_OBJC_ISA_USAGE = YES_ERROR;
				CLANG_WARN_DOCUMENTATION_COMMENTS = YES;
				CLANG_WARN_EMPTY_BODY = YES;
				CLANG_WARN_ENUM_CONVERSION = YES;
				CLANG_WARN_INFINITE_RECURSION = YES;
				CLANG_WARN_INT_CONVERSION = YES;
				CLANG_WARN_NON_LITERAL_NULL_CONVERSION = YES;
				CLANG_WARN_OBJC_IMPLICIT_RETAIN_SELF = YES;
				CLANG_WARN_OBJC_LITERAL_CONVERSION = YES;
				CLANG_WARN_OBJC_ROOT_CLASS = YES_ERROR;
				CLANG_WARN_RANGE_LOOP_ANALYSIS = YES;
				CLANG_WARN_STRICT_PROTOTYPES = YES;
				CLANG_WARN_SUSPICIOUS_MOVE = YES;
				CLANG_WARN_UNGUARDED_AVAILABILITY = YES_AGGRESSIVE;
				CLANG_WARN_UNREACHABLE_CODE = YES;
				CLANG_WARN__DUPLICATE_METHOD_MATCH = YES;
				COPY_PHASE_STRIP = NO;
				DEBUG_INFORMATION_FORMAT = dwarf;
				ENABLE_STRICT_OBJC_MSGSEND = YES;
				ENABLE_TESTABILITY = YES;
				GCC_C_LANGUAGE_STANDARD = gnu11;
				GCC_DYNAMIC_NO_PIC = NO;
				GCC_NO_COMMON_BLOCKS = YES;
				GCC_OPTIMIZATION_LEVEL = 0;
				GCC_PREPROCESSOR_DEFINITIONS = (
					"DEBUG=1",
					"$(inherited)",
				);
				GCC_WARN_64_TO_32_BIT_CONVERSION = YES;
				GCC_WARN_ABOUT_RETURN_TYPE = YES_ERROR;
				GCC_WARN_UNDECLARED_SELECTOR = YES;
				GCC_WARN_UNINITIALIZED_AUTOS = YES_AGGRESSIVE;
				GCC_WARN_UNUSED_FUNCTION = YES;
				GCC_WARN_UNUSED_VARIABLE = YES;
				IPHONEOS_DEPLOYMENT_TARGET = 13.7;
				MTL_ENABLE_DEBUG_INFO = INCLUDE_SOURCE;
				MTL_FAST_MATH = YES;
				ONLY_ACTIVE_ARCH = YES;
				SDKROOT = iphoneos;
				SWIFT_ACTIVE_COMPILATION_CONDITIONS = DEBUG;
				SWIFT_OPTIMIZATION_LEVEL = "-Onone";
			};
			name = Debug;
		};
		EF0A8810251E387200BCC038 /* Release */ = {
			isa = XCBuildConfiguration;
			buildSettings = {
				ALWAYS_SEARCH_USER_PATHS = NO;
				CLANG_ANALYZER_NONNULL = YES;
				CLANG_ANALYZER_NUMBER_OBJECT_CONVERSION = YES_AGGRESSIVE;
				CLANG_CXX_LANGUAGE_STANDARD = "gnu++14";
				CLANG_CXX_LIBRARY = "libc++";
				CLANG_ENABLE_MODULES = YES;
				CLANG_ENABLE_OBJC_ARC = YES;
				CLANG_ENABLE_OBJC_WEAK = YES;
				CLANG_WARN_BLOCK_CAPTURE_AUTORELEASING = YES;
				CLANG_WARN_BOOL_CONVERSION = YES;
				CLANG_WARN_COMMA = YES;
				CLANG_WARN_CONSTANT_CONVERSION = YES;
				CLANG_WARN_DEPRECATED_OBJC_IMPLEMENTATIONS = YES;
				CLANG_WARN_DIRECT_OBJC_ISA_USAGE = YES_ERROR;
				CLANG_WARN_DOCUMENTATION_COMMENTS = YES;
				CLANG_WARN_EMPTY_BODY = YES;
				CLANG_WARN_ENUM_CONVERSION = YES;
				CLANG_WARN_INFINITE_RECURSION = YES;
				CLANG_WARN_INT_CONVERSION = YES;
				CLANG_WARN_NON_LITERAL_NULL_CONVERSION = YES;
				CLANG_WARN_OBJC_IMPLICIT_RETAIN_SELF = YES;
				CLANG_WARN_OBJC_LITERAL_CONVERSION = YES;
				CLANG_WARN_OBJC_ROOT_CLASS = YES_ERROR;
				CLANG_WARN_RANGE_LOOP_ANALYSIS = YES;
				CLANG_WARN_STRICT_PROTOTYPES = YES;
				CLANG_WARN_SUSPICIOUS_MOVE = YES;
				CLANG_WARN_UNGUARDED_AVAILABILITY = YES_AGGRESSIVE;
				CLANG_WARN_UNREACHABLE_CODE = YES;
				CLANG_WARN__DUPLICATE_METHOD_MATCH = YES;
				COPY_PHASE_STRIP = NO;
				DEBUG_INFORMATION_FORMAT = "dwarf-with-dsym";
				ENABLE_NS_ASSERTIONS = NO;
				ENABLE_STRICT_OBJC_MSGSEND = YES;
				GCC_C_LANGUAGE_STANDARD = gnu11;
				GCC_NO_COMMON_BLOCKS = YES;
				GCC_WARN_64_TO_32_BIT_CONVERSION = YES;
				GCC_WARN_ABOUT_RETURN_TYPE = YES_ERROR;
				GCC_WARN_UNDECLARED_SELECTOR = YES;
				GCC_WARN_UNINITIALIZED_AUTOS = YES_AGGRESSIVE;
				GCC_WARN_UNUSED_FUNCTION = YES;
				GCC_WARN_UNUSED_VARIABLE = YES;
				IPHONEOS_DEPLOYMENT_TARGET = 13.7;
				MTL_ENABLE_DEBUG_INFO = NO;
				MTL_FAST_MATH = YES;
				SDKROOT = iphoneos;
				SWIFT_COMPILATION_MODE = wholemodule;
				SWIFT_OPTIMIZATION_LEVEL = "-O";
				VALIDATE_PRODUCT = YES;
			};
			name = Release;
		};
		EF0A8812251E387200BCC038 /* Debug */ = {
			isa = XCBuildConfiguration;
			buildSettings = {
				ASSETCATALOG_COMPILER_APPICON_NAME = AppIcon;
				CODE_SIGN_STYLE = Automatic;
				INFOPLIST_FILE = Maps/Info.plist;
				LD_RUNPATH_SEARCH_PATHS = (
					"$(inherited)",
					"@executable_path/Frameworks",
				);
				PRODUCT_BUNDLE_IDENTIFIER = com.Apple.Maps;
				PRODUCT_NAME = "$(TARGET_NAME)";
				SWIFT_VERSION = 5.0;
				TARGETED_DEVICE_FAMILY = "1,2";
			};
			name = Debug;
		};
		EF0A8813251E387200BCC038 /* Release */ = {
			isa = XCBuildConfiguration;
			buildSettings = {
				ASSETCATALOG_COMPILER_APPICON_NAME = AppIcon;
				CODE_SIGN_STYLE = Automatic;
				INFOPLIST_FILE = Maps/Info.plist;
				LD_RUNPATH_SEARCH_PATHS = (
					"$(inherited)",
					"@executable_path/Frameworks",
				);
				PRODUCT_BUNDLE_IDENTIFIER = com.Apple.Maps;
				PRODUCT_NAME = "$(TARGET_NAME)";
				SWIFT_VERSION = 5.0;
				TARGETED_DEVICE_FAMILY = "1,2";
			};
			name = Release;
		};
		EF0A8815251E387200BCC038 /* Debug */ = {
			isa = XCBuildConfiguration;
			buildSettings = {
				ALWAYS_EMBED_SWIFT_STANDARD_LIBRARIES = YES;
				BUNDLE_LOADER = "$(TEST_HOST)";
				CODE_SIGN_STYLE = Automatic;
				INFOPLIST_FILE = MapsTests/Info.plist;
				IPHONEOS_DEPLOYMENT_TARGET = 13.7;
				LD_RUNPATH_SEARCH_PATHS = (
					"$(inherited)",
					"@executable_path/Frameworks",
					"@loader_path/Frameworks",
				);
				PRODUCT_BUNDLE_IDENTIFIER = com.Apple.MapsTests;
				PRODUCT_NAME = "$(TARGET_NAME)";
				SWIFT_VERSION = 5.0;
				TARGETED_DEVICE_FAMILY = "1,2";
				TEST_HOST = "$(BUILT_PRODUCTS_DIR)/Maps.app/Maps";
			};
			name = Debug;
		};
		EF0A8816251E387200BCC038 /* Release */ = {
			isa = XCBuildConfiguration;
			buildSettings = {
				ALWAYS_EMBED_SWIFT_STANDARD_LIBRARIES = YES;
				BUNDLE_LOADER = "$(TEST_HOST)";
				CODE_SIGN_STYLE = Automatic;
				INFOPLIST_FILE = MapsTests/Info.plist;
				IPHONEOS_DEPLOYMENT_TARGET = 13.7;
				LD_RUNPATH_SEARCH_PATHS = (
					"$(inherited)",
					"@executable_path/Frameworks",
					"@loader_path/Frameworks",
				);
				PRODUCT_BUNDLE_IDENTIFIER = com.Apple.MapsTests;
				PRODUCT_NAME = "$(TARGET_NAME)";
				SWIFT_VERSION = 5.0;
				TARGETED_DEVICE_FAMILY = "1,2";
				TEST_HOST = "$(BUILT_PRODUCTS_DIR)/Maps.app/Maps";
			};
			name = Release;
		};
		EF0A8818251E387200BCC038 /* Debug */ = {
			isa = XCBuildConfiguration;
			buildSettings = {
				ALWAYS_EMBED_SWIFT_STANDARD_LIBRARIES = YES;
				CODE_SIGN_STYLE = Automatic;
				INFOPLIST_FILE = MapsUITests/Info.plist;
				LD_RUNPATH_SEARCH_PATHS = (
					"$(inherited)",
					"@executable_path/Frameworks",
					"@loader_path/Frameworks",
				);
				PRODUCT_BUNDLE_IDENTIFIER = com.Apple.MapsUITests;
				PRODUCT_NAME = "$(TARGET_NAME)";
				SWIFT_VERSION = 5.0;
				TARGETED_DEVICE_FAMILY = "1,2";
				TEST_TARGET_NAME = Maps;
			};
			name = Debug;
		};
		EF0A8819251E387200BCC038 /* Release */ = {
			isa = XCBuildConfiguration;
			buildSettings = {
				ALWAYS_EMBED_SWIFT_STANDARD_LIBRARIES = YES;
				CODE_SIGN_STYLE = Automatic;
				INFOPLIST_FILE = MapsUITests/Info.plist;
				LD_RUNPATH_SEARCH_PATHS = (
					"$(inherited)",
					"@executable_path/Frameworks",
					"@loader_path/Frameworks",
				);
				PRODUCT_BUNDLE_IDENTIFIER = com.Apple.MapsUITests;
				PRODUCT_NAME = "$(TARGET_NAME)";
				SWIFT_VERSION = 5.0;
				TARGETED_DEVICE_FAMILY = "1,2";
				TEST_TARGET_NAME = Maps;
			};
			name = Release;
		};
/* End XCBuildConfiguration section */

/* Begin XCConfigurationList section */
		EF0A87DF251E387100BCC038 /* Build configuration list for PBXProject "Maps" */ = {
			isa = XCConfigurationList;
			buildConfigurations = (
				EF0A880F251E387200BCC038 /* Debug */,
				EF0A8810251E387200BCC038 /* Release */,
			);
			defaultConfigurationIsVisible = 0;
			defaultConfigurationName = Release;
		};
		EF0A8811251E387200BCC038 /* Build configuration list for PBXNativeTarget "Maps" */ = {
			isa = XCConfigurationList;
			buildConfigurations = (
				EF0A8812251E387200BCC038 /* Debug */,
				EF0A8813251E387200BCC038 /* Release */,
			);
			defaultConfigurationIsVisible = 0;
			defaultConfigurationName = Release;
		};
		EF0A8814251E387200BCC038 /* Build configuration list for PBXNativeTarget "MapsTests" */ = {
			isa = XCConfigurationList;
			buildConfigurations = (
				EF0A8815251E387200BCC038 /* Debug */,
				EF0A8816251E387200BCC038 /* Release */,
			);
			defaultConfigurationIsVisible = 0;
			defaultConfigurationName = Release;
		};
		EF0A8817251E387200BCC038 /* Build configuration list for PBXNativeTarget "MapsUITests" */ = {
			isa = XCConfigurationList;
			buildConfigurations = (
				EF0A8818251E387200BCC038 /* Debug */,
				EF0A8819251E387200BCC038 /* Release */,
			);
			defaultConfigurationIsVisible = 0;
			defaultConfigurationName = Release;
		};
/* End XCConfigurationList section */

/* Begin XCVersionGroup section */
		EF0A87F0251E387100BCC038 /* Maps.xcdatamodeld */ = {
			isa = XCVersionGroup;
			children = (
				EF0A87F1251E387100BCC038 /* Maps.xcdatamodel */,
			);
			currentVersion = EF0A87F1251E387100BCC038 /* Maps.xcdatamodel */;
			path = Maps.xcdatamodeld;
			sourceTree = "<group>";
			versionGroupType = wrapper.xcdatamodel;
		};
/* End XCVersionGroup section */
	};
	rootObject = EF0A87DC251E387100BCC038 /* Project object */;
}
